lockfileVersion: '6.0'

settings:
  autoInstallPeers: true
  excludeLinksFromLockfile: false

devDependencies:
  vitepress:
    specifier: ^1.0.2
    version: 1.0.2(@algolia/client-search@4.23.2)(search-insights@2.7.0)

packages:

  /@algolia/autocomplete-core@1.9.3(@algolia/client-search@4.23.2)(algoliasearch@4.23.2)(search-insights@2.7.0):
    resolution: {integrity: sha1-HVZIKnaMM6rghoyFMwSeAuiWG+c=, tarball: http://r.npm.sankuai.com/@algolia/autocomplete-core/download/@algolia/autocomplete-core-1.9.3.tgz}
    dependencies:
      '@algolia/autocomplete-plugin-algolia-insights': 1.9.3(@algolia/client-search@4.23.2)(algoliasearch@4.23.2)(search-insights@2.7.0)
      '@algolia/autocomplete-shared': 1.9.3(@algolia/client-search@4.23.2)(algoliasearch@4.23.2)
    transitivePeerDependencies:
      - '@algolia/client-search'
      - algoliasearch
      - search-insights
    dev: true

  /@algolia/autocomplete-plugin-algolia-insights@1.9.3(@algolia/client-search@4.23.2)(algoliasearch@4.23.2)(search-insights@2.7.0):
    resolution: {integrity: sha1-m3+GQQUsjq1tZsFiPURMvhnd5Yc=, tarball: http://r.npm.sankuai.com/@algolia/autocomplete-plugin-algolia-insights/download/@algolia/autocomplete-plugin-algolia-insights-1.9.3.tgz}
    peerDependencies:
      search-insights: '>= 1 < 3'
    dependencies:
      '@algolia/autocomplete-shared': 1.9.3(@algolia/client-search@4.23.2)(algoliasearch@4.23.2)
      search-insights: 2.7.0
    transitivePeerDependencies:
      - '@algolia/client-search'
      - algoliasearch
    dev: true

  /@algolia/autocomplete-preset-algolia@1.9.3(@algolia/client-search@4.23.2)(algoliasearch@4.23.2):
    resolution: {integrity: sha1-ZMykpDBM/K0s9zDoMGfgwbL0hdo=, tarball: http://r.npm.sankuai.com/@algolia/autocomplete-preset-algolia/download/@algolia/autocomplete-preset-algolia-1.9.3.tgz}
    peerDependencies:
      '@algolia/client-search': '>= 4.9.1 < 6'
      algoliasearch: '>= 4.9.1 < 6'
    dependencies:
      '@algolia/autocomplete-shared': 1.9.3(@algolia/client-search@4.23.2)(algoliasearch@4.23.2)
      '@algolia/client-search': 4.23.2
      algoliasearch: 4.23.2
    dev: true

  /@algolia/autocomplete-shared@1.9.3(@algolia/client-search@4.23.2)(algoliasearch@4.23.2):
    resolution: {integrity: sha1-LiLoMNNvCpzywMzTx/bVlDW3ffo=, tarball: http://r.npm.sankuai.com/@algolia/autocomplete-shared/download/@algolia/autocomplete-shared-1.9.3.tgz}
    peerDependencies:
      '@algolia/client-search': '>= 4.9.1 < 6'
      algoliasearch: '>= 4.9.1 < 6'
    dependencies:
      '@algolia/client-search': 4.23.2
      algoliasearch: 4.23.2
    dev: true

  /@algolia/cache-browser-local-storage@4.23.2:
    resolution: {integrity: sha1-Bg0V6JWI/KwY5zZDIB/OD099XKA=, tarball: http://r.npm.sankuai.com/@algolia/cache-browser-local-storage/download/@algolia/cache-browser-local-storage-4.23.2.tgz}
    dependencies:
      '@algolia/cache-common': 4.23.2
    dev: true

  /@algolia/cache-common@4.23.2:
    resolution: {integrity: sha1-xocGzjSxg3flbnGsE8zi3VZi3O4=, tarball: http://r.npm.sankuai.com/@algolia/cache-common/download/@algolia/cache-common-4.23.2.tgz}
    dev: true

  /@algolia/cache-in-memory@4.23.2:
    resolution: {integrity: sha1-lM2CgnXXoSGGlZvxuVoTJH4QOyM=, tarball: http://r.npm.sankuai.com/@algolia/cache-in-memory/download/@algolia/cache-in-memory-4.23.2.tgz}
    dependencies:
      '@algolia/cache-common': 4.23.2
    dev: true

  /@algolia/client-account@4.23.2:
    resolution: {integrity: sha1-tTyxTnMP2OCgoifPZQsoe1cKCLw=, tarball: http://r.npm.sankuai.com/@algolia/client-account/download/@algolia/client-account-4.23.2.tgz}
    dependencies:
      '@algolia/client-common': 4.23.2
      '@algolia/client-search': 4.23.2
      '@algolia/transporter': 4.23.2
    dev: true

  /@algolia/client-analytics@4.23.2:
    resolution: {integrity: sha1-f9zxyyfwrpPl2mvrTmEvwGqICww=, tarball: http://r.npm.sankuai.com/@algolia/client-analytics/download/@algolia/client-analytics-4.23.2.tgz}
    dependencies:
      '@algolia/client-common': 4.23.2
      '@algolia/client-search': 4.23.2
      '@algolia/requester-common': 4.23.2
      '@algolia/transporter': 4.23.2
    dev: true

  /@algolia/client-common@4.23.2:
    resolution: {integrity: sha1-5fhvwt5wfra/nxEJtwGH2uF5xyw=, tarball: http://r.npm.sankuai.com/@algolia/client-common/download/@algolia/client-common-4.23.2.tgz}
    dependencies:
      '@algolia/requester-common': 4.23.2
      '@algolia/transporter': 4.23.2
    dev: true

  /@algolia/client-personalization@4.23.2:
    resolution: {integrity: sha1-BHLZwgdALu/MnJj3/7pdJv6OL9A=, tarball: http://r.npm.sankuai.com/@algolia/client-personalization/download/@algolia/client-personalization-4.23.2.tgz}
    dependencies:
      '@algolia/client-common': 4.23.2
      '@algolia/requester-common': 4.23.2
      '@algolia/transporter': 4.23.2
    dev: true

  /@algolia/client-search@4.23.2:
    resolution: {integrity: sha1-mydB8KIJWWRZ8GpEWDEYIH6ih/c=, tarball: http://r.npm.sankuai.com/@algolia/client-search/download/@algolia/client-search-4.23.2.tgz}
    dependencies:
      '@algolia/client-common': 4.23.2
      '@algolia/requester-common': 4.23.2
      '@algolia/transporter': 4.23.2
    dev: true

  /@algolia/logger-common@4.23.2:
    resolution: {integrity: sha1-VEGoKPD60c6q46J8rse2Y9QN0n8=, tarball: http://r.npm.sankuai.com/@algolia/logger-common/download/@algolia/logger-common-4.23.2.tgz}
    dev: true

  /@algolia/logger-console@4.23.2:
    resolution: {integrity: sha1-/aQlK7At98UqksY/HjV79zcMyNs=, tarball: http://r.npm.sankuai.com/@algolia/logger-console/download/@algolia/logger-console-4.23.2.tgz}
    dependencies:
      '@algolia/logger-common': 4.23.2
    dev: true

  /@algolia/recommend@4.23.2:
    resolution: {integrity: sha1-Ar9X+DbO0shQYzI51JOgQUvnan8=, tarball: http://r.npm.sankuai.com/@algolia/recommend/download/@algolia/recommend-4.23.2.tgz}
    dependencies:
      '@algolia/cache-browser-local-storage': 4.23.2
      '@algolia/cache-common': 4.23.2
      '@algolia/cache-in-memory': 4.23.2
      '@algolia/client-common': 4.23.2
      '@algolia/client-search': 4.23.2
      '@algolia/logger-common': 4.23.2
      '@algolia/logger-console': 4.23.2
      '@algolia/requester-browser-xhr': 4.23.2
      '@algolia/requester-common': 4.23.2
      '@algolia/requester-node-http': 4.23.2
      '@algolia/transporter': 4.23.2
    dev: true

  /@algolia/requester-browser-xhr@4.23.2:
    resolution: {integrity: sha1-LQprZC4qK7+y4v89HoIVjj4UPe8=, tarball: http://r.npm.sankuai.com/@algolia/requester-browser-xhr/download/@algolia/requester-browser-xhr-4.23.2.tgz}
    dependencies:
      '@algolia/requester-common': 4.23.2
    dev: true

  /@algolia/requester-common@4.23.2:
    resolution: {integrity: sha1-nC5dpNwV5l+bm75b7bQZzyMJLvE=, tarball: http://r.npm.sankuai.com/@algolia/requester-common/download/@algolia/requester-common-4.23.2.tgz}
    dev: true

  /@algolia/requester-node-http@4.23.2:
    resolution: {integrity: sha1-cYrnH1iUnqs7X8/EQL5Cr0G9ZA8=, tarball: http://r.npm.sankuai.com/@algolia/requester-node-http/download/@algolia/requester-node-http-4.23.2.tgz}
    dependencies:
      '@algolia/requester-common': 4.23.2
    dev: true

  /@algolia/transporter@4.23.2:
    resolution: {integrity: sha1-Yee5KI1PVhsgFd3eaJujHgjCFkQ=, tarball: http://r.npm.sankuai.com/@algolia/transporter/download/@algolia/transporter-4.23.2.tgz}
    dependencies:
      '@algolia/cache-common': 4.23.2
      '@algolia/logger-common': 4.23.2
      '@algolia/requester-common': 4.23.2
    dev: true

  /@babel/helper-string-parser@7.24.1:
    resolution: {integrity: sha1-+Zw201k9uVQHBdBzmh8QteIMaW4=, tarball: http://r.npm.sankuai.com/@babel/helper-string-parser/download/@babel/helper-string-parser-7.24.1.tgz}
    engines: {node: '>=6.9.0'}
    dev: true

  /@babel/helper-validator-identifier@7.22.20:
    resolution: {integrity: sha1-xK4ALGHSh55yRYHZZmVYPbwdwOA=, tarball: http://r.npm.sankuai.com/@babel/helper-validator-identifier/download/@babel/helper-validator-identifier-7.22.20.tgz}
    engines: {node: '>=6.9.0'}
    dev: true

  /@babel/parser@7.24.1:
    resolution: {integrity: sha1-HkFtNic5P6sctbDy8XlqEArpEzo=, tarball: http://r.npm.sankuai.com/@babel/parser/download/@babel/parser-7.24.1.tgz}
    engines: {node: '>=6.0.0'}
    hasBin: true
    dependencies:
      '@babel/types': 7.24.0
    dev: true

  /@babel/types@7.24.0:
    resolution: {integrity: sha1-O5UfQ1qS5zM+ugW3Vm/Sl5YOob8=, tarball: http://r.npm.sankuai.com/@babel/types/download/@babel/types-7.24.0.tgz}
    engines: {node: '>=6.9.0'}
    dependencies:
      '@babel/helper-string-parser': 7.24.1
      '@babel/helper-validator-identifier': 7.22.20
      to-fast-properties: 2.0.0
    dev: true

  /@docsearch/css@3.6.0:
    resolution: {integrity: sha1-Dp9W9wSzo00ETRX9mWLrwVNrpPs=, tarball: http://r.npm.sankuai.com/@docsearch/css/download/@docsearch/css-3.6.0.tgz}
    dev: true

  /@docsearch/js@3.6.0(@algolia/client-search@4.23.2)(search-insights@2.7.0):
    resolution: {integrity: sha1-+eRpQ0SbkJLYdJRPeoC8wHEATPs=, tarball: http://r.npm.sankuai.com/@docsearch/js/download/@docsearch/js-3.6.0.tgz}
    dependencies:
      '@docsearch/react': 3.6.0(@algolia/client-search@4.23.2)(search-insights@2.7.0)
      preact: 10.20.1
    transitivePeerDependencies:
      - '@algolia/client-search'
      - '@types/react'
      - react
      - react-dom
      - search-insights
    dev: true

  /@docsearch/react@3.6.0(@algolia/client-search@4.23.2)(search-insights@2.7.0):
    resolution: {integrity: sha1-tPJSKOy3/Ec3Qa76xZISHobdKVg=, tarball: http://r.npm.sankuai.com/@docsearch/react/download/@docsearch/react-3.6.0.tgz}
    peerDependencies:
      '@types/react': '>= 16.8.0 < 19.0.0'
      react: '>= 16.8.0 < 19.0.0'
      react-dom: '>= 16.8.0 < 19.0.0'
      search-insights: '>= 1 < 3'
    peerDependenciesMeta:
      '@types/react':
        optional: true
      react:
        optional: true
      react-dom:
        optional: true
      search-insights:
        optional: true
    dependencies:
      '@algolia/autocomplete-core': 1.9.3(@algolia/client-search@4.23.2)(algoliasearch@4.23.2)(search-insights@2.7.0)
      '@algolia/autocomplete-preset-algolia': 1.9.3(@algolia/client-search@4.23.2)(algoliasearch@4.23.2)
      '@docsearch/css': 3.6.0
      algoliasearch: 4.23.2
      search-insights: 2.7.0
    transitivePeerDependencies:
      - '@algolia/client-search'
    dev: true

  /@esbuild/aix-ppc64@0.20.2:
    resolution: {integrity: sha1-pw9KwRxqHfwYuLuxMoQVXZM7lTc=, tarball: http://r.npm.sankuai.com/@esbuild/aix-ppc64/download/@esbuild/aix-ppc64-0.20.2.tgz}
    engines: {node: '>=12'}
    cpu: [ppc64]
    os: [aix]
    requiresBuild: true
    dev: true
    optional: true

  /@esbuild/android-arm64@0.20.2:
    resolution: {integrity: sha1-2xySAqW8kuoEx7aEDxu+Cev55rk=, tarball: http://r.npm.sankuai.com/@esbuild/android-arm64/download/@esbuild/android-arm64-0.20.2.tgz}
    engines: {node: '>=12'}
    cpu: [arm64]
    os: [android]
    requiresBuild: true
    dev: true
    optional: true

  /@esbuild/android-arm@0.20.2:
    resolution: {integrity: sha1-O0iMSa7p1JHCyPmKkJt4WHDW6ZU=, tarball: http://r.npm.sankuai.com/@esbuild/android-arm/download/@esbuild/android-arm-0.20.2.tgz}
    engines: {node: '>=12'}
    cpu: [arm]
    os: [android]
    requiresBuild: true
    dev: true
    optional: true

  /@esbuild/android-x64@0.20.2:
    resolution: {integrity: sha1-OxYoAp5VdiSdKy12ZpblB2hEn5g=, tarball: http://r.npm.sankuai.com/@esbuild/android-x64/download/@esbuild/android-x64-0.20.2.tgz}
    engines: {node: '>=12'}
    cpu: [x64]
    os: [android]
    requiresBuild: true
    dev: true
    optional: true

  /@esbuild/darwin-arm64@0.20.2:
    resolution: {integrity: sha1-boUXoEXd2GrjDGYIyEdevAxAALs=, tarball: http://r.npm.sankuai.com/@esbuild/darwin-arm64/download/@esbuild/darwin-arm64-0.20.2.tgz}
    engines: {node: '>=12'}
    cpu: [arm64]
    os: [darwin]
    requiresBuild: true
    dev: true
    optional: true

  /@esbuild/darwin-x64@0.20.2:
    resolution: {integrity: sha1-kO0Jjh+d2Kk4FpWyB+HP9FVAoNA=, tarball: http://r.npm.sankuai.com/@esbuild/darwin-x64/download/@esbuild/darwin-x64-0.20.2.tgz}
    engines: {node: '>=12'}
    cpu: [x64]
    os: [darwin]
    requiresBuild: true
    dev: true
    optional: true

  /@esbuild/freebsd-arm64@0.20.2:
    resolution: {integrity: sha1-1xUC0e6JoRMDJ+iQNkZmx2CiqRE=, tarball: http://r.npm.sankuai.com/@esbuild/freebsd-arm64/download/@esbuild/freebsd-arm64-0.20.2.tgz}
    engines: {node: '>=12'}
    cpu: [arm64]
    os: [freebsd]
    requiresBuild: true
    dev: true
    optional: true

  /@esbuild/freebsd-x64@0.20.2:
    resolution: {integrity: sha1-ql6ljZwd2a9oi4tvY+8NPWDOpTw=, tarball: http://r.npm.sankuai.com/@esbuild/freebsd-x64/download/@esbuild/freebsd-x64-0.20.2.tgz}
    engines: {node: '>=12'}
    cpu: [x64]
    os: [freebsd]
    requiresBuild: true
    dev: true
    optional: true

  /@esbuild/linux-arm64@0.20.2:
    resolution: {integrity: sha1-BVtjcl32eDebD2250PqFRjdVsuU=, tarball: http://r.npm.sankuai.com/@esbuild/linux-arm64/download/@esbuild/linux-arm64-0.20.2.tgz}
    engines: {node: '>=12'}
    cpu: [arm64]
    os: [linux]
    requiresBuild: true
    dev: true
    optional: true

  /@esbuild/linux-arm@0.20.2:
    resolution: {integrity: sha1-drO5jLH4eTb7w38HPvq61J3NiJw=, tarball: http://r.npm.sankuai.com/@esbuild/linux-arm/download/@esbuild/linux-arm-0.20.2.tgz}
    engines: {node: '>=12'}
    cpu: [arm]
    os: [linux]
    requiresBuild: true
    dev: true
    optional: true

  /@esbuild/linux-ia32@0.20.2:
    resolution: {integrity: sha1-wOXnh8KFJk5d/Hp58EuLTu/a1/o=, tarball: http://r.npm.sankuai.com/@esbuild/linux-ia32/download/@esbuild/linux-ia32-0.20.2.tgz}
    engines: {node: '>=12'}
    cpu: [ia32]
    os: [linux]
    requiresBuild: true
    dev: true
    optional: true

  /@esbuild/linux-loong64@0.20.2:
    resolution: {integrity: sha1-phhOYr183GPgwESLg4AQAWUyGcU=, tarball: http://r.npm.sankuai.com/@esbuild/linux-loong64/download/@esbuild/linux-loong64-0.20.2.tgz}
    engines: {node: '>=12'}
    cpu: [loong64]
    os: [linux]
    requiresBuild: true
    dev: true
    optional: true

  /@esbuild/linux-mips64el@0.20.2:
    resolution: {integrity: sha1-0I45zob0Xvj8iFSdKcYris9WSao=, tarball: http://r.npm.sankuai.com/@esbuild/linux-mips64el/download/@esbuild/linux-mips64el-0.20.2.tgz}
    engines: {node: '>=12'}
    cpu: [mips64el]
    os: [linux]
    requiresBuild: true
    dev: true
    optional: true

  /@esbuild/linux-ppc64@0.20.2:
    resolution: {integrity: sha1-jSUvC3dW/9bRy95epn/4/SBDfyA=, tarball: http://r.npm.sankuai.com/@esbuild/linux-ppc64/download/@esbuild/linux-ppc64-0.20.2.tgz}
    engines: {node: '>=12'}
    cpu: [ppc64]
    os: [linux]
    requiresBuild: true
    dev: true
    optional: true

  /@esbuild/linux-riscv64@0.20.2:
    resolution: {integrity: sha1-Gfbc2xRAna5gf2bKEYHdTp24EwA=, tarball: http://r.npm.sankuai.com/@esbuild/linux-riscv64/download/@esbuild/linux-riscv64-0.20.2.tgz}
    engines: {node: '>=12'}
    cpu: [riscv64]
    os: [linux]
    requiresBuild: true
    dev: true
    optional: true

  /@esbuild/linux-s390x@0.20.2:
    resolution: {integrity: sha1-PIMMkPGl190Uc9VZXqTruSCYhoU=, tarball: http://r.npm.sankuai.com/@esbuild/linux-s390x/download/@esbuild/linux-s390x-0.20.2.tgz}
    engines: {node: '>=12'}
    cpu: [s390x]
    os: [linux]
    requiresBuild: true
    dev: true
    optional: true

  /@esbuild/linux-x64@0.20.2:
    resolution: {integrity: sha1-huyjUgOvwNneBpTGTsCrCjePb/8=, tarball: http://r.npm.sankuai.com/@esbuild/linux-x64/download/@esbuild/linux-x64-0.20.2.tgz}
    engines: {node: '>=12'}
    cpu: [x64]
    os: [linux]
    requiresBuild: true
    dev: true
    optional: true

  /@esbuild/netbsd-x64@0.20.2:
    resolution: {integrity: sha1-53HI6w4Pbhh3/9QiADa5iu1ZFeY=, tarball: http://r.npm.sankuai.com/@esbuild/netbsd-x64/download/@esbuild/netbsd-x64-0.20.2.tgz}
    engines: {node: '>=12'}
    cpu: [x64]
    os: [netbsd]
    requiresBuild: true
    dev: true
    optional: true

  /@esbuild/openbsd-x64@0.20.2:
    resolution: {integrity: sha1-mnla5LTjfmdPD01xbz4ibdfDm68=, tarball: http://r.npm.sankuai.com/@esbuild/openbsd-x64/download/@esbuild/openbsd-x64-0.20.2.tgz}
    engines: {node: '>=12'}
    cpu: [x64]
    os: [openbsd]
    requiresBuild: true
    dev: true
    optional: true

  /@esbuild/sunos-x64@0.20.2:
    resolution: {integrity: sha1-ffI7YaSXuKwYne9uJalWc8rtsD8=, tarball: http://r.npm.sankuai.com/@esbuild/sunos-x64/download/@esbuild/sunos-x64-0.20.2.tgz}
    engines: {node: '>=12'}
    cpu: [x64]
    os: [sunos]
    requiresBuild: true
    dev: true
    optional: true

  /@esbuild/win32-arm64@0.20.2:
    resolution: {integrity: sha1-8a5av5ygUq4RwbyAb7TA9Rm6z5A=, tarball: http://r.npm.sankuai.com/@esbuild/win32-arm64/download/@esbuild/win32-arm64-0.20.2.tgz}
    engines: {node: '>=12'}
    cpu: [arm64]
    os: [win32]
    requiresBuild: true
    dev: true
    optional: true

  /@esbuild/win32-ia32@0.20.2:
    resolution: {integrity: sha1-JB/mLDTY6EYc1wgneBPh0LpVziM=, tarball: http://r.npm.sankuai.com/@esbuild/win32-ia32/download/@esbuild/win32-ia32-0.20.2.tgz}
    engines: {node: '>=12'}
    cpu: [ia32]
    os: [win32]
    requiresBuild: true
    dev: true
    optional: true

  /@esbuild/win32-x64@0.20.2:
    resolution: {integrity: sha1-nJB7IeMKUtuVm6T4C7AaDMQD1cw=, tarball: http://r.npm.sankuai.com/@esbuild/win32-x64/download/@esbuild/win32-x64-0.20.2.tgz}
    engines: {node: '>=12'}
    cpu: [x64]
    os: [win32]
    requiresBuild: true
    dev: true
    optional: true

  /@jridgewell/sourcemap-codec@1.4.15:
    resolution: {integrity: sha1-18bmdVx4VnqVHgSrUu8P0m3lnzI=, tarball: http://r.npm.sankuai.com/@jridgewell/sourcemap-codec/download/@jridgewell/sourcemap-codec-1.4.15.tgz}
    dev: true

  /@rollup/rollup-android-arm-eabi@4.13.2:
    resolution: {integrity: sha1-+/CY9J2WqMrJBW8i9f2AkG7zr4U=, tarball: http://r.npm.sankuai.com/@rollup/rollup-android-arm-eabi/download/@rollup/rollup-android-arm-eabi-4.13.2.tgz}
    cpu: [arm]
    os: [android]
    requiresBuild: true
    dev: true
    optional: true

  /@rollup/rollup-android-arm64@4.13.2:
    resolution: {integrity: sha1-DSRIJRBA/OGamO7lBd/1s8jsm5g=, tarball: http://r.npm.sankuai.com/@rollup/rollup-android-arm64/download/@rollup/rollup-android-arm64-4.13.2.tgz}
    cpu: [arm64]
    os: [android]
    requiresBuild: true
    dev: true
    optional: true

  /@rollup/rollup-darwin-arm64@4.13.2:
    resolution: {integrity: sha1-eNtNTaWxuEwirb4lyKSWGz8i068=, tarball: http://r.npm.sankuai.com/@rollup/rollup-darwin-arm64/download/@rollup/rollup-darwin-arm64-4.13.2.tgz}
    cpu: [arm64]
    os: [darwin]
    requiresBuild: true
    dev: true
    optional: true

  /@rollup/rollup-darwin-x64@4.13.2:
    resolution: {integrity: sha1-/MBa9UN5+O5cfpVJh9RRTG/Q+0I=, tarball: http://r.npm.sankuai.com/@rollup/rollup-darwin-x64/download/@rollup/rollup-darwin-x64-4.13.2.tgz}
    cpu: [x64]
    os: [darwin]
    requiresBuild: true
    dev: true
    optional: true

  /@rollup/rollup-linux-arm-gnueabihf@4.13.2:
    resolution: {integrity: sha1-LOIA76HvSlbuKve0U+3HSiWdfTE=, tarball: http://r.npm.sankuai.com/@rollup/rollup-linux-arm-gnueabihf/download/@rollup/rollup-linux-arm-gnueabihf-4.13.2.tgz}
    cpu: [arm]
    os: [linux]
    requiresBuild: true
    dev: true
    optional: true

  /@rollup/rollup-linux-arm64-gnu@4.13.2:
    resolution: {integrity: sha1-WiSqyIK/+av9o/Rfbx2yFmw0Kko=, tarball: http://r.npm.sankuai.com/@rollup/rollup-linux-arm64-gnu/download/@rollup/rollup-linux-arm64-gnu-4.13.2.tgz}
    cpu: [arm64]
    os: [linux]
    libc: [glibc]
    requiresBuild: true
    dev: true
    optional: true

  /@rollup/rollup-linux-arm64-musl@4.13.2:
    resolution: {integrity: sha1-8ftMb5YdPzOXIxqZ5iHRmSAOTqk=, tarball: http://r.npm.sankuai.com/@rollup/rollup-linux-arm64-musl/download/@rollup/rollup-linux-arm64-musl-4.13.2.tgz}
    cpu: [arm64]
    os: [linux]
    libc: [musl]
    requiresBuild: true
    dev: true
    optional: true

  /@rollup/rollup-linux-riscv64-gnu@4.13.2:
    resolution: {integrity: sha1-R7ky7lmlOVo6NBsEk+Nh2eYDLPI=, tarball: http://r.npm.sankuai.com/@rollup/rollup-linux-riscv64-gnu/download/@rollup/rollup-linux-riscv64-gnu-4.13.2.tgz}
    cpu: [riscv64]
    os: [linux]
    libc: [glibc]
    requiresBuild: true
    dev: true
    optional: true

  /@rollup/rollup-linux-x64-gnu@4.13.2:
    resolution: {integrity: sha1-Jw6TkZS2bfd7yzPdml3fd4S9eZc=, tarball: http://r.npm.sankuai.com/@rollup/rollup-linux-x64-gnu/download/@rollup/rollup-linux-x64-gnu-4.13.2.tgz}
    cpu: [x64]
    os: [linux]
    libc: [glibc]
    requiresBuild: true
    dev: true
    optional: true

  /@rollup/rollup-linux-x64-musl@4.13.2:
    resolution: {integrity: sha1-6N0PPCBGrL2ik0SQs2VS6FajvGo=, tarball: http://r.npm.sankuai.com/@rollup/rollup-linux-x64-musl/download/@rollup/rollup-linux-x64-musl-4.13.2.tgz}
    cpu: [x64]
    os: [linux]
    libc: [musl]
    requiresBuild: true
    dev: true
    optional: true

  /@rollup/rollup-win32-arm64-msvc@4.13.2:
    resolution: {integrity: sha1-+LZaSn56azg+exRDkSmy9HT/Ejw=, tarball: http://r.npm.sankuai.com/@rollup/rollup-win32-arm64-msvc/download/@rollup/rollup-win32-arm64-msvc-4.13.2.tgz}
    cpu: [arm64]
    os: [win32]
    requiresBuild: true
    dev: true
    optional: true

  /@rollup/rollup-win32-ia32-msvc@4.13.2:
    resolution: {integrity: sha1-vBxaT7xDN9bLFdqApN6V/VOrNXM=, tarball: http://r.npm.sankuai.com/@rollup/rollup-win32-ia32-msvc/download/@rollup/rollup-win32-ia32-msvc-4.13.2.tgz}
    cpu: [ia32]
    os: [win32]
    requiresBuild: true
    dev: true
    optional: true

  /@rollup/rollup-win32-x64-msvc@4.13.2:
    resolution: {integrity: sha1-hRlZxMHDxmR6uh84gZjIJDrtaRc=, tarball: http://r.npm.sankuai.com/@rollup/rollup-win32-x64-msvc/download/@rollup/rollup-win32-x64-msvc-4.13.2.tgz}
    cpu: [x64]
    os: [win32]
    requiresBuild: true
    dev: true
    optional: true

  /@shikijs/core@1.2.3:
    resolution: {integrity: sha1-VRwle24Vde8Lh2NcUV3sE0sy9hE=, tarball: http://r.npm.sankuai.com/@shikijs/core/download/@shikijs/core-1.2.3.tgz}
    dev: true

  /@shikijs/transformers@1.2.3:
    resolution: {integrity: sha1-5lOetRPHRgFgvO+aEVcNARZHSLA=, tarball: http://r.npm.sankuai.com/@shikijs/transformers/download/@shikijs/transformers-1.2.3.tgz}
    dependencies:
      shiki: 1.2.3
    dev: true

  /@types/estree@1.0.5:
    resolution: {integrity: sha1-ps4+VW4A/ZiV3Yct0XKtDUvWh/Q=, tarball: http://r.npm.sankuai.com/@types/estree/download/@types/estree-1.0.5.tgz}
    dev: true

  /@types/linkify-it@3.0.5:
    resolution: {integrity: sha1-HnijrCQo5tfmwFwWZcJCAjpGAdg=, tarball: http://r.npm.sankuai.com/@types/linkify-it/download/@types/linkify-it-3.0.5.tgz}
    dev: true

  /@types/markdown-it@13.0.7:
    resolution: {integrity: sha1-SklRFfRwB1vUQ0oEOKxHeknC4VI=, tarball: http://r.npm.sankuai.com/@types/markdown-it/download/@types/markdown-it-13.0.7.tgz}
    dependencies:
      '@types/linkify-it': 3.0.5
      '@types/mdurl': 1.0.5
    dev: true

  /@types/mdurl@1.0.5:
    resolution: {integrity: sha1-Pg0ttXDp+2zLLcj94L4deayBDTk=, tarball: http://r.npm.sankuai.com/@types/mdurl/download/@types/mdurl-1.0.5.tgz}
    dev: true

  /@types/web-bluetooth@0.0.20:
    resolution: {integrity: sha1-8Gar/NHL5mJnzbvw3gENikG0FZc=, tarball: http://r.npm.sankuai.com/@types/web-bluetooth/download/@types/web-bluetooth-0.0.20.tgz}
    dev: true

  /@vitejs/plugin-vue@5.0.4(vite@5.2.7)(vue@3.4.21):
    resolution: {integrity: sha1-UI1qDyRA+GlFg12QP8wNldG7ijc=, tarball: http://r.npm.sankuai.com/@vitejs/plugin-vue/download/@vitejs/plugin-vue-5.0.4.tgz}
    engines: {node: ^18.0.0 || >=20.0.0}
    peerDependencies:
      vite: ^5.0.0
      vue: ^3.2.25
    dependencies:
      vite: 5.2.7
      vue: 3.4.21
    dev: true

  /@vue/compiler-core@3.4.21:
    resolution: {integrity: sha1-hotwhTePwk5Yya7RTI1iEQpivho=, tarball: http://r.npm.sankuai.com/@vue/compiler-core/download/@vue/compiler-core-3.4.21.tgz}
    dependencies:
      '@babel/parser': 7.24.1
      '@vue/shared': 3.4.21
      entities: 4.5.0
      estree-walker: 2.0.2
      source-map-js: 1.2.0
    dev: true

  /@vue/compiler-dom@3.4.21:
    resolution: {integrity: sha1-AHfDVeIAggcoOlqH1RAzDSJUaAM=, tarball: http://r.npm.sankuai.com/@vue/compiler-dom/download/@vue/compiler-dom-3.4.21.tgz}
    dependencies:
      '@vue/compiler-core': 3.4.21
      '@vue/shared': 3.4.21
    dev: true

  /@vue/compiler-sfc@3.4.21:
    resolution: {integrity: sha1-Svkg3DGrmeH/XRUrX+CtEhgRRbI=, tarball: http://r.npm.sankuai.com/@vue/compiler-sfc/download/@vue/compiler-sfc-3.4.21.tgz}
    dependencies:
      '@babel/parser': 7.24.1
      '@vue/compiler-core': 3.4.21
      '@vue/compiler-dom': 3.4.21
      '@vue/compiler-ssr': 3.4.21
      '@vue/shared': 3.4.21
      estree-walker: 2.0.2
      magic-string: 0.30.8
      postcss: 8.4.38
      source-map-js: 1.2.0
    dev: true

  /@vue/compiler-ssr@3.4.21:
    resolution: {integrity: sha1-uErmT7nCZd8h/Gf3YkWHZz0yT+8=, tarball: http://r.npm.sankuai.com/@vue/compiler-ssr/download/@vue/compiler-ssr-3.4.21.tgz}
    dependencies:
      '@vue/compiler-dom': 3.4.21
      '@vue/shared': 3.4.21
    dev: true

  /@vue/devtools-api@7.0.25(vue@3.4.21):
    resolution: {integrity: sha1-JAv/nuW75oTgx7KWlumLSXF5No0=, tarball: http://r.npm.sankuai.com/@vue/devtools-api/download/@vue/devtools-api-7.0.25.tgz}
    dependencies:
      '@vue/devtools-kit': 7.0.25(vue@3.4.21)
    transitivePeerDependencies:
      - vue
    dev: true

  /@vue/devtools-kit@7.0.25(vue@3.4.21):
    resolution: {integrity: sha1-UJDPYG+s7+/pXO9BIfVmDJfb+/A=, tarball: http://r.npm.sankuai.com/@vue/devtools-kit/download/@vue/devtools-kit-7.0.25.tgz}
    peerDependencies:
      vue: ^3.0.0
    dependencies:
      '@vue/devtools-shared': 7.0.25
      hookable: 5.5.3
      mitt: 3.0.1
      perfect-debounce: 1.0.0
      speakingurl: 14.0.1
      vue: 3.4.21
    dev: true

  /@vue/devtools-shared@7.0.25:
    resolution: {integrity: sha1-OsNstzCiYJs0puijcxoHhZ/Au8I=, tarball: http://r.npm.sankuai.com/@vue/devtools-shared/download/@vue/devtools-shared-7.0.25.tgz}
    dependencies:
      rfdc: 1.3.1
    dev: true

  /@vue/reactivity@3.4.21:
    resolution: {integrity: sha1-r/00FRFbjr9JJ8jSoNaiS8z6nwI=, tarball: http://r.npm.sankuai.com/@vue/reactivity/download/@vue/reactivity-3.4.21.tgz}
    dependencies:
      '@vue/shared': 3.4.21
    dev: true

  /@vue/runtime-core@3.4.21:
    resolution: {integrity: sha1-N0nD8CSmTEwn7Nda6kyjVjTbAGI=, tarball: http://r.npm.sankuai.com/@vue/runtime-core/download/@vue/runtime-core-3.4.21.tgz}
    dependencies:
      '@vue/reactivity': 3.4.21
      '@vue/shared': 3.4.21
    dev: true

  /@vue/runtime-dom@3.4.21:
    resolution: {integrity: sha1-kfhn72Tv8jLKxFCVqyjryTrHRYg=, tarball: http://r.npm.sankuai.com/@vue/runtime-dom/download/@vue/runtime-dom-3.4.21.tgz}
    dependencies:
      '@vue/runtime-core': 3.4.21
      '@vue/shared': 3.4.21
      csstype: 3.1.3
    dev: true

  /@vue/server-renderer@3.4.21(vue@3.4.21):
    resolution: {integrity: sha1-FQdRV50mZh7j7SaihgRmf6QiKpc=, tarball: http://r.npm.sankuai.com/@vue/server-renderer/download/@vue/server-renderer-3.4.21.tgz}
    peerDependencies:
      vue: 3.4.21
    dependencies:
      '@vue/compiler-ssr': 3.4.21
      '@vue/shared': 3.4.21
      vue: 3.4.21
    dev: true

  /@vue/shared@3.4.21:
    resolution: {integrity: sha1-3lJqkFnQpZnwtCmvcDfNDD7X1aE=, tarball: http://r.npm.sankuai.com/@vue/shared/download/@vue/shared-3.4.21.tgz}
    dev: true

  /@vueuse/core@10.9.0(vue@3.4.21):
    resolution: {integrity: sha1-fXealc8Bid4Xb+5jzuS6RLPIXWQ=, tarball: http://r.npm.sankuai.com/@vueuse/core/download/@vueuse/core-10.9.0.tgz}
    dependencies:
      '@types/web-bluetooth': 0.0.20
      '@vueuse/metadata': 10.9.0
      '@vueuse/shared': 10.9.0(vue@3.4.21)
      vue-demi: 0.14.7(vue@3.4.21)
    transitivePeerDependencies:
      - '@vue/composition-api'
      - vue
    dev: true

  /@vueuse/integrations@10.9.0(focus-trap@7.5.4)(vue@3.4.21):
    resolution: {integrity: sha1-KxqVViFa08H5bTnL++8QLPbg7AU=, tarball: http://r.npm.sankuai.com/@vueuse/integrations/download/@vueuse/integrations-10.9.0.tgz}
    peerDependencies:
      async-validator: '*'
      axios: '*'
      change-case: '*'
      drauu: '*'
      focus-trap: '*'
      fuse.js: '*'
      idb-keyval: '*'
      jwt-decode: '*'
      nprogress: '*'
      qrcode: '*'
      sortablejs: '*'
      universal-cookie: '*'
    peerDependenciesMeta:
      async-validator:
        optional: true
      axios:
        optional: true
      change-case:
        optional: true
      drauu:
        optional: true
      focus-trap:
        optional: true
      fuse.js:
        optional: true
      idb-keyval:
        optional: true
      jwt-decode:
        optional: true
      nprogress:
        optional: true
      qrcode:
        optional: true
      sortablejs:
        optional: true
      universal-cookie:
        optional: true
    dependencies:
      '@vueuse/core': 10.9.0(vue@3.4.21)
      '@vueuse/shared': 10.9.0(vue@3.4.21)
      focus-trap: 7.5.4
      vue-demi: 0.14.7(vue@3.4.21)
    transitivePeerDependencies:
      - '@vue/composition-api'
      - vue
    dev: true

  /@vueuse/metadata@10.9.0:
    resolution: {integrity: sha1-dpoanbZdqsFc+YCEy/eBntN1hiA=, tarball: http://r.npm.sankuai.com/@vueuse/metadata/download/@vueuse/metadata-10.9.0.tgz}
    dev: true

  /@vueuse/shared@10.9.0(vue@3.4.21):
    resolution: {integrity: sha1-E68qNI3hXQe3vi/Qx/yYU6adj+A=, tarball: http://r.npm.sankuai.com/@vueuse/shared/download/@vueuse/shared-10.9.0.tgz}
    dependencies:
      vue-demi: 0.14.7(vue@3.4.21)
    transitivePeerDependencies:
      - '@vue/composition-api'
      - vue
    dev: true

  /algoliasearch@4.23.2:
    resolution: {integrity: sha1-O3vJPZjzllYoxzoGy/kgNTEySp0=, tarball: http://r.npm.sankuai.com/algoliasearch/download/algoliasearch-4.23.2.tgz}
    dependencies:
      '@algolia/cache-browser-local-storage': 4.23.2
      '@algolia/cache-common': 4.23.2
      '@algolia/cache-in-memory': 4.23.2
      '@algolia/client-account': 4.23.2
      '@algolia/client-analytics': 4.23.2
      '@algolia/client-common': 4.23.2
      '@algolia/client-personalization': 4.23.2
      '@algolia/client-search': 4.23.2
      '@algolia/logger-common': 4.23.2
      '@algolia/logger-console': 4.23.2
      '@algolia/recommend': 4.23.2
      '@algolia/requester-browser-xhr': 4.23.2
      '@algolia/requester-common': 4.23.2
      '@algolia/requester-node-http': 4.23.2
      '@algolia/transporter': 4.23.2
    dev: true

  /csstype@3.1.3:
    resolution: {integrity: sha1-2A/ylNEU+w5qxQD7+FtgE31+/4E=, tarball: http://r.npm.sankuai.com/csstype/download/csstype-3.1.3.tgz}
    dev: true

  /entities@4.5.0:
    resolution: {integrity: sha1-XSaOpecRPsdMTQM7eepaNaSI+0g=, tarball: http://r.npm.sankuai.com/entities/download/entities-4.5.0.tgz}
    engines: {node: '>=0.12'}
    dev: true

  /esbuild@0.20.2:
    resolution: {integrity: sha1-nWsjhlYXZu5rWlUZbG12bSjIfqE=, tarball: http://r.npm.sankuai.com/esbuild/download/esbuild-0.20.2.tgz}
    engines: {node: '>=12'}
    hasBin: true
    requiresBuild: true
    optionalDependencies:
      '@esbuild/aix-ppc64': 0.20.2
      '@esbuild/android-arm': 0.20.2
      '@esbuild/android-arm64': 0.20.2
      '@esbuild/android-x64': 0.20.2
      '@esbuild/darwin-arm64': 0.20.2
      '@esbuild/darwin-x64': 0.20.2
      '@esbuild/freebsd-arm64': 0.20.2
      '@esbuild/freebsd-x64': 0.20.2
      '@esbuild/linux-arm': 0.20.2
      '@esbuild/linux-arm64': 0.20.2
      '@esbuild/linux-ia32': 0.20.2
      '@esbuild/linux-loong64': 0.20.2
      '@esbuild/linux-mips64el': 0.20.2
      '@esbuild/linux-ppc64': 0.20.2
      '@esbuild/linux-riscv64': 0.20.2
      '@esbuild/linux-s390x': 0.20.2
      '@esbuild/linux-x64': 0.20.2
      '@esbuild/netbsd-x64': 0.20.2
      '@esbuild/openbsd-x64': 0.20.2
      '@esbuild/sunos-x64': 0.20.2
      '@esbuild/win32-arm64': 0.20.2
      '@esbuild/win32-ia32': 0.20.2
      '@esbuild/win32-x64': 0.20.2
    dev: true

  /estree-walker@2.0.2:
    resolution: {integrity: sha1-UvAQF4wqTBF6d1fP6UKtt9LaTKw=, tarball: http://r.npm.sankuai.com/estree-walker/download/estree-walker-2.0.2.tgz}
    dev: true

  /focus-trap@7.5.4:
    resolution: {integrity: sha1-bE40L+Ha5q3ZwqozKm56C71JW6I=, tarball: http://r.npm.sankuai.com/focus-trap/download/focus-trap-7.5.4.tgz}
    dependencies:
      tabbable: 6.2.0
    dev: true

  /fsevents@2.3.3:
    resolution: {integrity: sha1-ysZAd4XQNnWipeGlMFxpezR9kNY=, tarball: http://r.npm.sankuai.com/fsevents/download/fsevents-2.3.3.tgz}
    engines: {node: ^8.16.0 || ^10.6.0 || >=11.0.0}
    os: [darwin]
    requiresBuild: true
    dev: true
    optional: true

  /hookable@5.5.3:
    resolution: {integrity: sha1-bPw1iYSh75keJRjLntSneLvTIV0=, tarball: http://r.npm.sankuai.com/hookable/download/hookable-5.5.3.tgz}
    dev: true

  /magic-string@0.30.8:
    resolution: {integrity: sha1-FOhiQkbSvtunDVRiqpmsloGERhM=, tarball: http://r.npm.sankuai.com/magic-string/download/magic-string-0.30.8.tgz}
    engines: {node: '>=12'}
    dependencies:
      '@jridgewell/sourcemap-codec': 1.4.15
    dev: true

  /mark.js@8.11.1:
    resolution: {integrity: sha1-GA8fnr74sOY45BZq1S24eb6y/8U=, tarball: http://r.npm.sankuai.com/mark.js/download/mark.js-8.11.1.tgz}
    dev: true

  /minisearch@6.3.0:
    resolution: {integrity: sha1-mFovHKPHPC1lr5TwYWv+VxZLC2s=, tarball: http://r.npm.sankuai.com/minisearch/download/minisearch-6.3.0.tgz}
    dev: true

  /mitt@3.0.1:
    resolution: {integrity: sha1-6jbPDMMEA2Aa4HTI93twks2rNtE=, tarball: http://r.npm.sankuai.com/mitt/download/mitt-3.0.1.tgz}
    dev: true

  /nanoid@3.3.7:
    resolution: {integrity: sha1-0MMBppG8jVTvoKIibM8/4v1la9g=, tarball: http://r.npm.sankuai.com/nanoid/download/nanoid-3.3.7.tgz}
    engines: {node: ^10 || ^12 || ^13.7 || ^14 || >=15.0.1}
    hasBin: true
    dev: true

  /perfect-debounce@1.0.0:
    resolution: {integrity: sha1-nC6LwwsWnMmEpYt9WygEmDlZHSo=, tarball: http://r.npm.sankuai.com/perfect-debounce/download/perfect-debounce-1.0.0.tgz}
    dev: true

  /picocolors@1.0.0:
    resolution: {integrity: sha1-y1vcdP8/UYkiNur3nWi8RFZKuBw=, tarball: http://r.npm.sankuai.com/picocolors/download/picocolors-1.0.0.tgz}
    dev: true

  /postcss@8.4.38:
    resolution: {integrity: sha1-s4fVM7ryBUKI4zcGbYHGvunbng4=, tarball: http://r.npm.sankuai.com/postcss/download/postcss-8.4.38.tgz}
    engines: {node: ^10 || ^12 || >=14}
    dependencies:
      nanoid: 3.3.7
      picocolors: 1.0.0
      source-map-js: 1.2.0
    dev: true

  /preact@10.20.1:
    resolution: {integrity: sha1-G8WYq2MNhhKXj3Uz2kWAmoKYVCs=, tarball: http://r.npm.sankuai.com/preact/download/preact-10.20.1.tgz}
    dev: true

  /rfdc@1.3.1:
    resolution: {integrity: sha1-K21N9S3/6Ls0aZKhDqlFHyQ3Oo8=, tarball: http://r.npm.sankuai.com/rfdc/download/rfdc-1.3.1.tgz}
    dev: true

  /rollup@4.13.2:
    resolution: {integrity: sha1-rFfS3Ejo9VYvWm2q25yu5ZAGkmI=, tarball: http://r.npm.sankuai.com/rollup/download/rollup-4.13.2.tgz}
    engines: {node: '>=18.0.0', npm: '>=8.0.0'}
    hasBin: true
    dependencies:
      '@types/estree': 1.0.5
    optionalDependencies:
      '@rollup/rollup-android-arm-eabi': 4.13.2
      '@rollup/rollup-android-arm64': 4.13.2
      '@rollup/rollup-darwin-arm64': 4.13.2
      '@rollup/rollup-darwin-x64': 4.13.2
      '@rollup/rollup-linux-arm-gnueabihf': 4.13.2
      '@rollup/rollup-linux-arm64-gnu': 4.13.2
      '@rollup/rollup-linux-arm64-musl': 4.13.2
      '@rollup/rollup-linux-powerpc64le-gnu': registry.npmjs.org/@rollup/rollup-linux-powerpc64le-gnu@4.13.2
      '@rollup/rollup-linux-riscv64-gnu': 4.13.2
      '@rollup/rollup-linux-s390x-gnu': registry.npmjs.org/@rollup/rollup-linux-s390x-gnu@4.13.2
      '@rollup/rollup-linux-x64-gnu': 4.13.2
      '@rollup/rollup-linux-x64-musl': 4.13.2
      '@rollup/rollup-win32-arm64-msvc': 4.13.2
      '@rollup/rollup-win32-ia32-msvc': 4.13.2
      '@rollup/rollup-win32-x64-msvc': 4.13.2
      fsevents: 2.3.3
    dev: true

  /search-insights@2.7.0:
    resolution: {integrity: sha1-2LfOg5yue5BeYrFW9O7+Ei5WDlo=, tarball: http://r.npm.sankuai.com/search-insights/download/search-insights-2.7.0.tgz}
    engines: {node: '>=8.16.0'}
    dev: true

  /shiki@1.2.3:
    resolution: {integrity: sha1-faXBRSBc5WMkW9iD01Opn/oeKhk=, tarball: http://r.npm.sankuai.com/shiki/download/shiki-1.2.3.tgz}
    dependencies:
      '@shikijs/core': 1.2.3
    dev: true

  /source-map-js@1.2.0:
    resolution: {integrity: sha1-FrgJwWJRe1uMPn3NMVoqXCYSsq8=, tarball: http://r.npm.sankuai.com/source-map-js/download/source-map-js-1.2.0.tgz}
    engines: {node: '>=0.10.0'}
    dev: true

  /speakingurl@14.0.1:
    resolution: {integrity: sha1-837I3cSrmOlgDByewySoxI13KlM=, tarball: http://r.npm.sankuai.com/speakingurl/download/speakingurl-14.0.1.tgz}
    engines: {node: '>=0.10.0'}
    dev: true

  /tabbable@6.2.0:
    resolution: {integrity: sha1-cy+2K8AXXPzsJXMwvhh9z7ofO5c=, tarball: http://r.npm.sankuai.com/tabbable/download/tabbable-6.2.0.tgz}
    dev: true

  /to-fast-properties@2.0.0:
    resolution: {integrity: sha1-3F5pjL0HkmW8c+A3doGk5Og/YW4=, tarball: http://r.npm.sankuai.com/to-fast-properties/download/to-fast-properties-2.0.0.tgz}
    engines: {node: '>=4'}
    dev: true

  /vite@5.2.7:
    resolution: {integrity: sha1-4biphetU/LlGfX9/AJ2HSFAW324=, tarball: http://r.npm.sankuai.com/vite/download/vite-5.2.7.tgz}
    engines: {node: ^18.0.0 || >=20.0.0}
    hasBin: true
    peerDependencies:
      '@types/node': ^18.0.0 || >=20.0.0
      less: '*'
      lightningcss: ^1.21.0
      sass: '*'
      stylus: '*'
      sugarss: '*'
      terser: ^5.4.0
    peerDependenciesMeta:
      '@types/node':
        optional: true
      less:
        optional: true
      lightningcss:
        optional: true
      sass:
        optional: true
      stylus:
        optional: true
      sugarss:
        optional: true
      terser:
        optional: true
    dependencies:
      esbuild: 0.20.2
      postcss: 8.4.38
      rollup: 4.13.2
    optionalDependencies:
      fsevents: 2.3.3
    dev: true

  /vitepress@1.0.2(@algolia/client-search@4.23.2)(search-insights@2.7.0):
    resolution: {integrity: sha1-XOlNOEQ/onO/p/dcC/s+sbq7lLU=, tarball: http://r.npm.sankuai.com/vitepress/download/vitepress-1.0.2.tgz}
    hasBin: true
    peerDependencies:
      markdown-it-mathjax3: ^4
      postcss: ^8
    peerDependenciesMeta:
      markdown-it-mathjax3:
        optional: true
      postcss:
        optional: true
    dependencies:
      '@docsearch/css': 3.6.0
      '@docsearch/js': 3.6.0(@algolia/client-search@4.23.2)(search-insights@2.7.0)
      '@shikijs/core': 1.2.3
      '@shikijs/transformers': 1.2.3
      '@types/markdown-it': 13.0.7
      '@vitejs/plugin-vue': 5.0.4(vite@5.2.7)(vue@3.4.21)
      '@vue/devtools-api': 7.0.25(vue@3.4.21)
      '@vueuse/core': 10.9.0(vue@3.4.21)
      '@vueuse/integrations': 10.9.0(focus-trap@7.5.4)(vue@3.4.21)
      focus-trap: 7.5.4
      mark.js: 8.11.1
      minisearch: 6.3.0
      shiki: 1.2.3
      vite: 5.2.7
      vue: 3.4.21
    transitivePeerDependencies:
      - '@algolia/client-search'
      - '@types/node'
      - '@types/react'
      - '@vue/composition-api'
      - async-validator
      - axios
      - change-case
      - drauu
      - fuse.js
      - idb-keyval
      - jwt-decode
      - less
      - lightningcss
      - nprogress
      - qrcode
      - react
      - react-dom
      - sass
      - search-insights
      - sortablejs
      - stylus
      - sugarss
      - terser
      - typescript
      - universal-cookie
    dev: true

  /vue-demi@0.14.7(vue@3.4.21):
    resolution: {integrity: sha1-gxdTaz73TFsJ8mj3eC5wGUVn2PI=, tarball: http://r.npm.sankuai.com/vue-demi/download/vue-demi-0.14.7.tgz}
    engines: {node: '>=12'}
    hasBin: true
    requiresBuild: true
    peerDependencies:
      '@vue/composition-api': ^1.0.0-rc.1
      vue: ^3.0.0-0 || ^2.6.0
    peerDependenciesMeta:
      '@vue/composition-api':
        optional: true
    dependencies:
      vue: 3.4.21
    dev: true

  /vue@3.4.21:
    resolution: {integrity: sha1-aeww4mfTWO46DOFmErqJ4AqutzE=, tarball: http://r.npm.sankuai.com/vue/download/vue-3.4.21.tgz}
    peerDependencies:
      typescript: '*'
    peerDependenciesMeta:
      typescript:
        optional: true
    dependencies:
      '@vue/compiler-dom': 3.4.21
      '@vue/compiler-sfc': 3.4.21
      '@vue/runtime-dom': 3.4.21
      '@vue/server-renderer': 3.4.21(vue@3.4.21)
      '@vue/shared': 3.4.21
    dev: true

  registry.npmjs.org/@rollup/rollup-linux-powerpc64le-gnu@4.13.2:
    resolution: {integrity: sha512-zvXvAUGGEYi6tYhcDmb9wlOckVbuD+7z3mzInCSTACJ4DQrdSLPNUeDIcAQW39M3q6PDquqLWu7pnO39uSMRzQ==, registry: http://r.npm.sankuai.com/, tarball: https://registry.npmjs.org/@rollup/rollup-linux-powerpc64le-gnu/-/rollup-linux-powerpc64le-gnu-4.13.2.tgz}
    name: '@rollup/rollup-linux-powerpc64le-gnu'
    version: 4.13.2
    cpu: [ppc64le]
    os: [linux]
    requiresBuild: true
    dev: true
    optional: true

  registry.npmjs.org/@rollup/rollup-linux-s390x-gnu@4.13.2:
    resolution: {integrity: sha512-l4U0KDFwzD36j7HdfJ5/TveEQ1fUTjFFQP5qIt9gBqBgu1G8/kCaq5Ok05kd5TG9F8Lltf3MoYsUMw3rNlJ0Yg==, registry: http://r.npm.sankuai.com/, tarball: https://registry.npmjs.org/@rollup/rollup-linux-s390x-gnu/-/rollup-linux-s390x-gnu-4.13.2.tgz}
    name: '@rollup/rollup-linux-s390x-gnu'
    version: 4.13.2
    cpu: [s390x]
    os: [linux]
    requiresBuild: true
    dev: true
    optional: true
